{
  "originHash" : "e346bff54c889a087f74da7ca421ae84c8a6cce9e2ee150db8ab63b357d230ce",
  "pins" : [
    {
      "identity" : "aetherengine",
      "kind" : "remoteSourceControl",
      "location" : "https://github.com/superuser404notfound/AetherEngine",
      "state" : {
        "revision" : "f4a907bba4cb2129aa381ac7b45fbf4d499b1d1d",
        "version" : "6.5.5"
      }
    },
    {
      "identity" : "ffmpegbuild",
      "kind" : "remoteSourceControl",
      "location" : "https://github.com/superuser404notfound/FFmpegBuild",
      "state" : {
        "revision" : "87a5655979b9d6fa9f4b8db69e0a7e8df9075639",
        "version" : "2.4.0"
      }
    },
    {
      "identity" : "libdovi",
      "kind" : "remoteSourceControl",
      "location" : "https://github.com/superuser404notfound/LibDovi",
      "state" : {
        "revision" : "89be93431c2a5f2e54fb77e93059071b8d2ddb3a",
        "version" : "2.0.0"
      }
    },
    {
      "identity" : "smbclient",
      "kind" : "remoteSourceControl",
      "location" : "https://github.com/kishikawakatsumi/SMBClient",
      "state" : {
        "revision" : "e636c2b2458930770932a36d311ec9d478575b90",
        "version" : "0.3.1"
      }
    }
  ],
  "version" : 3
}
